
Microsoft Visual Studio Solution File, Format Version 12.00
# Visual Studio Version 16
VisualStudioVersion = 16.0.30002.166
MinimumVisualStudioVersion = 15.0.26124.0
Project("{9A19103F-16F7-4668-BE54-9A1E7A4F7556}") = "CdkBoilerplate", "CdkBoilerplate\CdkBoilerplate.csproj", "{831DAB4E-9B8B-4662-ABB0-C04BD12B0575}"
EndProject
Project("{9A19103F-16F7-4668-BE54-9A1E7A4F7556}") = "AWSLambdaFunction", "..\..\AWSLambdaFunction\AWSLambdaFunction.csproj", "{31B94712-AC0B-44FD-98FF-09EDD7DF984F}"
EndProject
Global
	GlobalSection(SolutionConfigurationPlatforms) = preSolution
		Debug|Any CPU = Debug|Any CPU
		Debug|x64 = Debug|x64
		Debug|x86 = Debug|x86
		Release|Any CPU = Release|Any CPU
		Release|x64 = Release|x64
		Release|x86 = Release|x86
	EndGlobalSection
	GlobalSection(ProjectConfigurationPlatforms) = postSolution
		{831DAB4E-9B8B-4662-ABB0-C04BD12B0575}.Debug|Any CPU.ActiveCfg = Debug|Any CPU
		{831DAB4E-9B8B-4662-ABB0-C04BD12B0575}.Debug|Any CPU.Build.0 = Debug|Any CPU
		{831DAB4E-9B8B-4662-ABB0-C04BD12B0575}.Debug|x64.ActiveCfg = Debug|Any CPU
		{831DAB4E-9B8B-4662-ABB0-C04BD12B0575}.Debug|x64.Build.0 = Debug|Any CPU
		{831DAB4E-9B8B-4662-ABB0-C04BD12B0575}.Debug|x86.ActiveCfg = Debug|Any CPU
		{831DAB4E-9B8B-4662-ABB0-C04BD12B0575}.Debug|x86.Build.0 = Debug|Any CPU
		{831DAB4E-9B8B-4662-ABB0-C04BD12B0575}.Release|Any CPU.ActiveCfg = Release|Any CPU
		{831DAB4E-9B8B-4662-ABB0-C04BD12B0575}.Release|Any CPU.Build.0 = Release|Any CPU
		{831DAB4E-9B8B-4662-ABB0-C04BD12B0575}.Release|x64.ActiveCfg = Release|Any CPU
		{831DAB4E-9B8B-4662-ABB0-C04BD12B0575}.Release|x64.Build.0 = Release|Any CPU
		{831DAB4E-9B8B-4662-ABB0-C04BD12B0575}.Release|x86.ActiveCfg = Release|Any CPU
		{831DAB4E-9B8B-4662-ABB0-C04BD12B0575}.Release|x86.Build.0 = Release|Any CPU
		{31B94712-AC0B-44FD-98FF-09EDD7DF984F}.Debug|Any CPU.ActiveCfg = Debug|Any CPU
		{31B94712-AC0B-44FD-98FF-09EDD7DF984F}.Debug|Any CPU.Build.0 = Debug|Any CPU
		{31B94712-AC0B-44FD-98FF-09EDD7DF984F}.Debug|x64.ActiveCfg = Debug|Any CPU
		{31B94712-AC0B-44FD-98FF-09EDD7DF984F}.Debug|x64.Build.0 = Debug|Any CPU
		{31B94712-AC0B-44FD-98FF-09EDD7DF984F}.Debug|x86.ActiveCfg = Debug|Any CPU
		{31B94712-AC0B-44FD-98FF-09EDD7DF984F}.Debug|x86.Build.0 = Debug|Any CPU
		{31B94712-AC0B-44FD-98FF-09EDD7DF984F}.Release|Any CPU.ActiveCfg = Release|Any CPU
		{31B94712-AC0B-44FD-98FF-09EDD7DF984F}.Release|Any CPU.Build.0 = Release|Any CPU
		{31B94712-AC0B-44FD-98FF-09EDD7DF984F}.Release|x64.ActiveCfg = Release|Any CPU
		{31B94712-AC0B-44FD-98FF-09EDD7DF984F}.Release|x64.Build.0 = Release|Any CPU
		{31B94712-AC0B-44FD-98FF-09EDD7DF984F}.Release|x86.ActiveCfg = Release|Any CPU
		{31B94712-AC0B-44FD-98FF-09EDD7DF984F}.Release|x86.Build.0 = Release|Any CPU
	EndGlobalSection
	GlobalSection(SolutionProperties) = preSolution
		HideSolutionNode = FALSE
	EndGlobalSection
	GlobalSection(ExtensibilityGlobals) = postSolution
		SolutionGuid = {6498211D-DF83-425A-88A0-883D9DCA88D8}
	EndGlobalSection
EndGlobal
