
Microsoft Visual Studio Solution File, Format Version 12.00
# Visual Studio Version 16
VisualStudioVersion = 16.0.30002.166
MinimumVisualStudioVersion = 10.0.40219.1
Project("{9A19103F-16F7-4668-BE54-9A1E7A4F7556}") = "lambda-funtion", "lambda-funtion.csproj", "{9B41D438-B77D-4337-AECD-065C23756341}"
EndProject
Global
	GlobalSection(SolutionConfigurationPlatforms) = preSolution
		Debug|Any CPU = Debug|Any CPU
		Release|Any CPU = Release|Any CPU
	EndGlobalSection
	GlobalSection(ProjectConfigurationPlatforms) = postSolution
		{9B41D438-B77D-4337-AECD-065C23756341}.Debug|Any CPU.ActiveCfg = Debug|Any CPU
		{9B41D438-B77D-4337-AECD-065C23756341}.Debug|Any CPU.Build.0 = Debug|Any CPU
		{9B41D438-B77D-4337-AECD-065C23756341}.Release|Any CPU.ActiveCfg = Release|Any CPU
		{9B41D438-B77D-4337-AECD-065C23756341}.Release|Any CPU.Build.0 = Release|Any CPU
	EndGlobalSection
	GlobalSection(SolutionProperties) = preSolution
		HideSolutionNode = FALSE
	EndGlobalSection
	GlobalSection(ExtensibilityGlobals) = postSolution
		SolutionGuid = {C6E7FA7A-8BB7-4E47-BDC2-8DFDB6BE9ACA}
	EndGlobalSection
EndGlobal
